Microsoft Visual Studio Solution File, Format Version 12.00
# Visual Studio 15
VisualStudioVersion = 15.0.26730.16
MinimumVisualStudioVersion = 15.0.26124.0
Project("{9A19103F-16F7-4668-BE54-9A1E7A4F7556}") = "api.core", "api.core\api.core.csproj", "{53F8984C-B7E4-4456-905C-8DB90A0EA0FC}"
EndProject
Project("{9A19103F-16F7-4668-BE54-9A1E7A4F7556}") = "api.core.tests", "api.core.tests\api.core.tests.csproj", "{9593452A-0C8F-4223-B440-C024858B4AA6}"
EndProject
Project("{9A19103F-16F7-4668-BE54-9A1E7A4F7556}") = "api", "api\api.csproj", "{39AEA39A-04F8-488B-88AF-DC40192BA60B}"
EndProject
Global
	GlobalSection(SolutionConfigurationPlatforms) = preSolution
		Debug|Any CPU = Debug|Any CPU
		Debug|x64 = Debug|x64
		Debug|x86 = Debug|x86
		Release|Any CPU = Release|Any CPU
		Release|x64 = Release|x64
		Release|x86 = Release|x86
	EndGlobalSection
	GlobalSection(ProjectConfigurationPlatforms) = postSolution
		{53F8984C-B7E4-4456-905C-8DB90A0EA0FC}.Debug|Any CPU.ActiveCfg = Debug|Any CPU
		{53F8984C-B7E4-4456-905C-8DB90A0EA0FC}.Debug|Any CPU.Build.0 = Debug|Any CPU
		{53F8984C-B7E4-4456-905C-8DB90A0EA0FC}.Debug|x64.ActiveCfg = Debug|Any CPU
		{53F8984C-B7E4-4456-905C-8DB90A0EA0FC}.Debug|x64.Build.0 = Debug|Any CPU
		{53F8984C-B7E4-4456-905C-8DB90A0EA0FC}.Debug|x86.ActiveCfg = Debug|Any CPU
		{53F8984C-B7E4-4456-905C-8DB90A0EA0FC}.Debug|x86.Build.0 = Debug|Any CPU
		{53F8984C-B7E4-4456-905C-8DB90A0EA0FC}.Release|Any CPU.ActiveCfg = Release|Any CPU
		{53F8984C-B7E4-4456-905C-8DB90A0EA0FC}.Release|Any CPU.Build.0 = Release|Any CPU
		{53F8984C-B7E4-4456-905C-8DB90A0EA0FC}.Release|x64.ActiveCfg = Release|Any CPU
		{53F8984C-B7E4-4456-905C-8DB90A0EA0FC}.Release|x64.Build.0 = Release|Any CPU
		{53F8984C-B7E4-4456-905C-8DB90A0EA0FC}.Release|x86.ActiveCfg = Release|Any CPU
		{53F8984C-B7E4-4456-905C-8DB90A0EA0FC}.Release|x86.Build.0 = Release|Any CPU
		{9593452A-0C8F-4223-B440-C024858B4AA6}.Debug|Any CPU.ActiveCfg = Debug|Any CPU
		{9593452A-0C8F-4223-B440-C024858B4AA6}.Debug|Any CPU.Build.0 = Debug|Any CPU
		{9593452A-0C8F-4223-B440-C024858B4AA6}.Debug|x64.ActiveCfg = Debug|Any CPU
		{9593452A-0C8F-4223-B440-C024858B4AA6}.Debug|x64.Build.0 = Debug|Any CPU
		{9593452A-0C8F-4223-B440-C024858B4AA6}.Debug|x86.ActiveCfg = Debug|Any CPU
		{9593452A-0C8F-4223-B440-C024858B4AA6}.Debug|x86.Build.0 = Debug|Any CPU
		{9593452A-0C8F-4223-B440-C024858B4AA6}.Release|Any CPU.ActiveCfg = Release|Any CPU
		{9593452A-0C8F-4223-B440-C024858B4AA6}.Release|Any CPU.Build.0 = Release|Any CPU
		{9593452A-0C8F-4223-B440-C024858B4AA6}.Release|x64.ActiveCfg = Release|Any CPU
		{9593452A-0C8F-4223-B440-C024858B4AA6}.Release|x64.Build.0 = Release|Any CPU
		{9593452A-0C8F-4223-B440-C024858B4AA6}.Release|x86.ActiveCfg = Release|Any CPU
		{9593452A-0C8F-4223-B440-C024858B4AA6}.Release|x86.Build.0 = Release|Any CPU
		{39AEA39A-04F8-488B-88AF-DC40192BA60B}.Debug|Any CPU.ActiveCfg = Debug|Any CPU
		{39AEA39A-04F8-488B-88AF-DC40192BA60B}.Debug|Any CPU.Build.0 = Debug|Any CPU
		{39AEA39A-04F8-488B-88AF-DC40192BA60B}.Debug|x64.ActiveCfg = Debug|Any CPU
		{39AEA39A-04F8-488B-88AF-DC40192BA60B}.Debug|x64.Build.0 = Debug|Any CPU
		{39AEA39A-04F8-488B-88AF-DC40192BA60B}.Debug|x86.ActiveCfg = Debug|Any CPU
		{39AEA39A-04F8-488B-88AF-DC40192BA60B}.Debug|x86.Build.0 = Debug|Any CPU
		{39AEA39A-04F8-488B-88AF-DC40192BA60B}.Release|Any CPU.ActiveCfg = Release|Any CPU
		{39AEA39A-04F8-488B-88AF-DC40192BA60B}.Release|Any CPU.Build.0 = Release|Any CPU
		{39AEA39A-04F8-488B-88AF-DC40192BA60B}.Release|x64.ActiveCfg = Release|Any CPU
		{39AEA39A-04F8-488B-88AF-DC40192BA60B}.Release|x64.Build.0 = Release|Any CPU
		{39AEA39A-04F8-488B-88AF-DC40192BA60B}.Release|x86.ActiveCfg = Release|Any CPU
		{39AEA39A-04F8-488B-88AF-DC40192BA60B}.Release|x86.Build.0 = Release|Any CPU
	EndGlobalSection
	GlobalSection(SolutionProperties) = preSolution
		HideSolutionNode = FALSE
	EndGlobalSection
	GlobalSection(ExtensibilityGlobals) = postSolution
		SolutionGuid = {CEAAA4EB-3F28-4A59-ADFD-36C5B195056E}
	EndGlobalSection
EndGlobal
